# This file is autogenerated, do not edit; changes may be undone by the next 'dep ensure'.


[[projects]]
  branch = "master"
  digest = "1:e1037385894d5f6e0ff10646e72a32a107c403e6f30c6b09fd317687185a393f"
  name = "github.com/mattn/go-gtk"
  packages = [
    "gdk",
    "gdkpixbuf",
    "gio",
    "glib",
    "gtk",
    "pango"
  ]
  pruneopts = "UT"
  revision = "4deadb416788be678fb9cac22ea76dba83c946b0"

[[projects]]
  branch = "master"
  digest = "1:f734c43ec01de1063c0e281153c85c1a1897614aca08bd68477b7eaa8569a7fa"
  name = "github.com/mattn/go-pointer"
  packages = ["."]
  pruneopts = "UT"
  revision = "49522c3f37914a12a6813caf41f4a9e84d39ca0a"

[solve-meta]
  analyzer-name = "dep"
  analyzer-version = 1
  input-imports = ["github.com/mattn/go-gtk/gtk"]
  solver-name = "gps-cdcl"
  solver-version = 1
